
Microsoft Visual Studio Solution File, Format Version 12.00
# Visual Studio Version 16
VisualStudioVersion = 16.0.29201.188
MinimumVisualStudioVersion = 10.0.40219.1
Project("{FAE04EC0-301F-11D3-BF4B-00C04F79EFBC}") = "Upwork-2019-08-08", "Upwork-2019-08-08\Upwork-2019-08-08.csproj", "{05A8C44E-7162-4859-9F00-2BFD0B136F51}"
EndProject
Global
	GlobalSection(SolutionConfigurationPlatforms) = preSolution
		Debug|Any CPU = Debug|Any CPU
		Release|Any CPU = Release|Any CPU
	EndGlobalSection
	GlobalSection(ProjectConfigurationPlatforms) = postSolution
		{05A8C44E-7162-4859-9F00-2BFD0B136F51}.Debug|Any CPU.ActiveCfg = Debug|Any CPU
		{05A8C44E-7162-4859-9F00-2BFD0B136F51}.Debug|Any CPU.Build.0 = Debug|Any CPU
		{05A8C44E-7162-4859-9F00-2BFD0B136F51}.Release|Any CPU.ActiveCfg = Release|Any CPU
		{05A8C44E-7162-4859-9F00-2BFD0B136F51}.Release|Any CPU.Build.0 = Release|Any CPU
	EndGlobalSection
	GlobalSection(SolutionProperties) = preSolution
		HideSolutionNode = FALSE
	EndGlobalSection
	GlobalSection(ExtensibilityGlobals) = postSolution
		SolutionGuid = {6913AB08-8347-4D5E-9E29-7882CE6EB69B}
	EndGlobalSection
EndGlobal
